// !$*UTF8*$!
{
	archiveVersion = 1;
	classes = {
	};
	objectVersion = 50;
	objects = {

/* Begin PBXBuildFile section */
		4216461C22D4229500F3DBAC /* AiewController.swift in Sources */ = {isa = PBXBuildFile; fileRef = 4216461B22D4229500F3DBAC /* AiewController.swift */; };
		4216461E22D422B400F3DBAC /* BiewController.swift in Sources */ = {isa = PBXBuildFile; fileRef = 4216461D22D422B400F3DBAC /* BiewController.swift */; };
		423F1E7C22D0992C00673D75 /* AppDelegate.swift in Sources */ = {isa = PBXBuildFile; fileRef = 423F1E7B22D0992C00673D75 /* AppDelegate.swift */; };
		423F1E7E22D0992C00673D75 /* ViewController.swift in Sources */ = {isa = PBXBuildFile; fileRef = 423F1E7D22D0992C00673D75 /* ViewController.swift */; };
		423F1E8122D0992D00673D75 /* Main.storyboard in Resources */ = {isa = PBXBuildFile; fileRef = 423F1E7F22D0992D00673D75 /* Main.storyboard */; };
		423F1E8322D0992F00673D75 /* Assets.xcassets in Resources */ = {isa = PBXBuildFile; fileRef = 423F1E8222D0992F00673D75 /* Assets.xcassets */; };
		423F1E8622D0992F00673D75 /* LaunchScreen.storyboard in Resources */ = {isa = PBXBuildFile; fileRef = 423F1E8422D0992F00673D75 /* LaunchScreen.storyboard */; };
		423F1E9122D0992F00673D75 /* class02Tests.swift in Sources */ = {isa = PBXBuildFile; fileRef = 423F1E9022D0992F00673D75 /* class02Tests.swift */; };
		423F1E9C22D0992F00673D75 /* class02UITests.swift in Sources */ = {isa = PBXBuildFile; fileRef = 423F1E9B22D0992F00673D75 /* class02UITests.swift */; };
/* End PBXBuildFile section */

/* Begin PBXContainerItemProxy section */
		423F1E8D22D0992F00673D75 /* PBXContainerItemProxy */ = {
			isa = PBXContainerItemProxy;
			containerPortal = 423F1E7022D0992C00673D75 /* Project object */;
			proxyType = 1;
			remoteGlobalIDString = 423F1E7722D0992C00673D75;
			remoteInfo = class02;
		};
		423F1E9822D0992F00673D75 /* PBXContainerItemProxy */ = {
			isa = PBXContainerItemProxy;
			containerPortal = 423F1E7022D0992C00673D75 /* Project object */;
			proxyType = 1;
			remoteGlobalIDString = 423F1E7722D0992C00673D75;
			remoteInfo = class02;
		};
/* End PBXContainerItemProxy section */

/* Begin PBXFileReference section */
		4216461B22D4229500F3DBAC /* AiewController.swift */ = {isa = PBXFileReference; lastKnownFileType = sourcecode.swift; path = AiewController.swift; sourceTree = "<group>"; };
		4216461D22D422B400F3DBAC /* BiewController.swift */ = {isa = PBXFileReference; lastKnownFileType = sourcecode.swift; path = BiewController.swift; sourceTree = "<group>"; };
		423F1E7822D0992C00673D75 /* class02.app */ = {isa = PBXFileReference; explicitFileType = wrapper.application; includeInIndex = 0; path = class02.app; sourceTree = BUILT_PRODUCTS_DIR; };
		423F1E7B22D0992C00673D75 /* AppDelegate.swift */ = {isa = PBXFileReference; lastKnownFileType = sourcecode.swift; path = AppDelegate.swift; sourceTree = "<group>"; };
		423F1E7D22D0992C00673D75 /* ViewController.swift */ = {isa = PBXFileReference; lastKnownFileType = sourcecode.swift; path = ViewController.swift; sourceTree = "<group>"; };
		423F1E8022D0992D00673D75 /* Base */ = {isa = PBXFileReference; lastKnownFileType = file.storyboard; name = Base; path = Base.lproj/Main.storyboard; sourceTree = "<group>"; };
		423F1E8222D0992F00673D75 /* Assets.xcassets */ = {isa = PBXFileReference; lastKnownFileType = folder.assetcatalog; path = Assets.xcassets; sourceTree = "<group>"; };
		423F1E8522D0992F00673D75 /* Base */ = {isa = PBXFileReference; lastKnownFileType = file.storyboard; name = Base; path = Base.lproj/LaunchScreen.storyboard; sourceTree = "<group>"; };
		423F1E8722D0992F00673D75 /* Info.plist */ = {isa = PBXFileReference; lastKnownFileType = text.plist.xml; path = Info.plist; sourceTree = "<group>"; };
		423F1E8C22D0992F00673D75 /* class02Tests.xctest */ = {isa = PBXFileReference; explicitFileType = wrapper.cfbundle; includeInIndex = 0; path = class02Tests.xctest; sourceTree = BUILT_PRODUCTS_DIR; };
		423F1E9022D0992F00673D75 /* class02Tests.swift */ = {isa = PBXFileReference; lastKnownFileType = sourcecode.swift; path = class02Tests.swift; sourceTree = "<group>"; };
		423F1E9222D0992F00673D75 /* Info.plist */ = {isa = PBXFileReference; lastKnownFileType = text.plist.xml; path = Info.plist; sourceTree = "<group>"; };
		423F1E9722D0992F00673D75 /* class02UITests.xctest */ = {isa = PBXFileReference; explicitFileType = wrapper.cfbundle; includeInIndex = 0; path = class02UITests.xctest; sourceTree = BUILT_PRODUCTS_DIR; };
		423F1E9B22D0992F00673D75 /* class02UITests.swift */ = {isa = PBXFileReference; lastKnownFileType = sourcecode.swift; path = class02UITests.swift; sourceTree = "<group>"; };
		423F1E9D22D0992F00673D75 /* Info.plist */ = {isa = PBXFileReference; lastKnownFileType = text.plist.xml; path = Info.plist; sourceTree = "<group>"; };
/* End PBXFileReference section */

/* Begin PBXFrameworksBuildPhase section */
		423F1E7522D0992C00673D75 /* Frameworks */ = {
			isa = PBXFrameworksBuildPhase;
			buildActionMask = 2147483647;
			files = (
			);
			runOnlyForDeploymentPostprocessing = 0;
		};
		423F1E8922D0992F00673D75 /* Frameworks */ = {
			isa = PBXFrameworksBuildPhase;
			buildActionMask = 2147483647;
			files = (
			);
			runOnlyForDeploymentPostprocessing = 0;
		};
		423F1E9422D0992F00673D75 /* Frameworks */ = {
			isa = PBXFrameworksBuildPhase;
			buildActionMask = 2147483647;
			files = (
			);
			runOnlyForDeploymentPostprocessing = 0;
		};
/* End PBXFrameworksBuildPhase section */

/* Begin PBXGroup section */
		423F1E6F22D0992C00673D75 = {
			isa = PBXGroup;
			children = (
				423F1E7A22D0992C00673D75 /* class02 */,
				423F1E8F22D0992F00673D75 /* class02Tests */,
				423F1E9A22D0992F00673D75 /* class02UITests */,
				423F1E7922D0992C00673D75 /* Products */,
			);
			sourceTree = "<group>";
		};
		423F1E7922D0992C00673D75 /* Products */ = {
			isa = PBXGroup;
			children = (
				423F1E7822D0992C00673D75 /* class02.app */,
				423F1E8C22D0992F00673D75 /* class02Tests.xctest */,
				423F1E9722D0992F00673D75 /* class02UITests.xctest */,
			);
			name = Products;
			sourceTree = "<group>";
		};
		423F1E7A22D0992C00673D75 /* class02 */ = {
			isa = PBXGroup;
			children = (
				423F1E7B22D0992C00673D75 /* AppDelegate.swift */,
				423F1E7D22D0992C00673D75 /* ViewController.swift */,
				423F1E7F22D0992D00673D75 /* Main.storyboard */,
				423F1E8222D0992F00673D75 /* Assets.xcassets */,
				423F1E8422D0992F00673D75 /* LaunchScreen.storyboard */,
				423F1E8722D0992F00673D75 /* Info.plist */,
				4216461B22D4229500F3DBAC /* AiewController.swift */,
				4216461D22D422B400F3DBAC /* BiewController.swift */,
			);
			path = class02;
			sourceTree = "<group>";
		};
		423F1E8F22D0992F00673D75 /* class02Tests */ = {
			isa = PBXGroup;
			children = (
				423F1E9022D0992F00673D75 /* class02Tests.swift */,
				423F1E9222D0992F00673D75 /* Info.plist */,
			);
			path = class02Tests;
			sourceTree = "<group>";
		};
		423F1E9A22D0992F00673D75 /* class02UITests */ = {
			isa = PBXGroup;
			children = (
				423F1E9B22D0992F00673D75 /* class02UITests.swift */,
				423F1E9D22D0992F00673D75 /* Info.plist */,
			);
			path = class02UITests;
			sourceTree = "<group>";
		};
/* End PBXGroup section */

/* Begin PBXNativeTarget section */
		423F1E7722D0992C00673D75 /* class02 */ = {
			isa = PBXNativeTarget;
			buildConfigurationList = 423F1EA022D0992F00673D75 /* Build configuration list for PBXNativeTarget "class02" */;
			buildPhases = (
				423F1E7422D0992C00673D75 /* Sources */,
				423F1E7522D0992C00673D75 /* Frameworks */,
				423F1E7622D0992C00673D75 /* Resources */,
			);
			buildRules = (
			);
			dependencies = (
			);
			name = class02;
			productName = class02;
			productReference = 423F1E7822D0992C00673D75 /* class02.app */;
			productType = "com.apple.product-type.application";
		};
		423F1E8B22D0992F00673D75 /* class02Tests */ = {
			isa = PBXNativeTarget;
			buildConfigurationList = 423F1EA322D0992F00673D75 /* Build configuration list for PBXNativeTarget "class02Tests" */;
			buildPhases = (
				423F1E8822D0992F00673D75 /* Sources */,
				423F1E8922D0992F00673D75 /* Frameworks */,
				423F1E8A22D0992F00673D75 /* Resources */,
			);
			buildRules = (
			);
			dependencies = (
				423F1E8E22D0992F00673D75 /* PBXTargetDependency */,
			);
			name = class02Tests;
			productName = class02Tests;
			productReference = 423F1E8C22D0992F00673D75 /* class02Tests.xctest */;
			productType = "com.apple.product-type.bundle.unit-test";
		};
		423F1E9622D0992F00673D75 /* class02UITests */ = {
			isa = PBXNativeTarget;
			buildConfigurationList = 423F1EA622D0992F00673D75 /* Build configuration list for PBXNativeTarget "class02UITests" */;
			buildPhases = (
				423F1E9322D0992F00673D75 /* Sources */,
				423F1E9422D0992F00673D75 /* Frameworks */,
				423F1E9522D0992F00673D75 /* Resources */,
			);
			buildRules = (
			);
			dependencies = (
				423F1E9922D0992F00673D75 /* PBXTargetDependency */,
			);
			name = class02UITests;
			productName = class02UITests;
			productReference = 423F1E9722D0992F00673D75 /* class02UITests.xctest */;
			productType = "com.apple.product-type.bundle.ui-testing";
		};
/* End PBXNativeTarget section */

/* Begin PBXProject section */
		423F1E7022D0992C00673D75 /* Project object */ = {
			isa = PBXProject;
			attributes = {
				LastSwiftUpdateCheck = 1020;
				LastUpgradeCheck = 1020;
				ORGANIZATIONNAME = app;
				TargetAttributes = {
					423F1E7722D0992C00673D75 = {
						CreatedOnToolsVersion = 10.2.1;
					};
					423F1E8B22D0992F00673D75 = {
						CreatedOnToolsVersion = 10.2.1;
						TestTargetID = 423F1E7722D0992C00673D75;
					};
					423F1E9622D0992F00673D75 = {
						CreatedOnToolsVersion = 10.2.1;
						TestTargetID = 423F1E7722D0992C00673D75;
					};
				};
			};
			buildConfigurationList = 423F1E7322D0992C00673D75 /* Build configuration list for PBXProject "class02" */;
			compatibilityVersion = "Xcode 9.3";
			developmentRegion = en;
			hasScannedForEncodings = 0;
			knownRegions = (
				en,
				Base,
			);
			mainGroup = 423F1E6F22D0992C00673D75;
			productRefGroup = 423F1E7922D0992C00673D75 /* Products */;
			projectDirPath = "";
			projectRoot = "";
			targets = (
				423F1E7722D0992C00673D75 /* class02 */,
				423F1E8B22D0992F00673D75 /* class02Tests */,
				423F1E9622D0992F00673D75 /* class02UITests */,
			);
		};
/* End PBXProject section */

/* Begin PBXResourcesBuildPhase section */
		423F1E7622D0992C00673D75 /* Resources */ = {
			isa = PBXResourcesBuildPhase;
			buildActionMask = 2147483647;
			files = (
				423F1E8622D0992F00673D75 /* LaunchScreen.storyboard in Resources */,
				423F1E8322D0992F00673D75 /* Assets.xcassets in Resources */,
				423F1E8122D0992D00673D75 /* Main.storyboard in Resources */,
			);
			runOnlyForDeploymentPostprocessing = 0;
		};
		423F1E8A22D0992F00673D75 /* Resources */ = {
			isa = PBXResourcesBuildPhase;
			buildActionMask = 2147483647;
			files = (
			);
			runOnlyForDeploymentPostprocessing = 0;
		};
		423F1E9522D0992F00673D75 /* Resources */ = {
			isa = PBXResourcesBuildPhase;
			buildActionMask = 2147483647;
			files = (
			);
			runOnlyForDeploymentPostprocessing = 0;
		};
/* End PBXResourcesBuildPhase section */

/* Begin PBXSourcesBuildPhase section */
		423F1E7422D0992C00673D75 /* Sources */ = {
			isa = PBXSourcesBuildPhase;
			buildActionMask = 2147483647;
			files = (
				423F1E7E22D0992C00673D75 /* ViewController.swift in Sources */,
				423F1E7C22D0992C00673D75 /* AppDelegate.swift in Sources */,
				4216461E22D422B400F3DBAC /* BiewController.swift in Sources */,
				4216461C22D4229500F3DBAC /* AiewController.swift in Sources */,
			);
			runOnlyForDeploymentPostprocessing = 0;
		};
		423F1E8822D0992F00673D75 /* Sources */ = {
			isa = PBXSourcesBuildPhase;
			buildActionMask = 2147483647;
			files = (
				423F1E9122D0992F00673D75 /* class02Tests.swift in Sources */,
			);
			runOnlyForDeploymentPostprocessing = 0;
		};
		423F1E9322D0992F00673D75 /* Sources */ = {
			isa = PBXSourcesBuildPhase;
			buildActionMask = 2147483647;
			files = (
				423F1E9C22D0992F00673D75 /* class02UITests.swift in Sources */,
			);
			runOnlyForDeploymentPostprocessing = 0;
		};
/* End PBXSourcesBuildPhase section */

/* Begin PBXTargetDependency section */
		423F1E8E22D0992F00673D75 /* PBXTargetDependency */ = {
			isa = PBXTargetDependency;
			target = 423F1E7722D0992C00673D75 /* class02 */;
			targetProxy = 423F1E8D22D0992F00673D75 /* PBXContainerItemProxy */;
		};
		423F1E9922D0992F00673D75 /* PBXTargetDependency */ = {
			isa = PBXTargetDependency;
			target = 423F1E7722D0992C00673D75 /* class02 */;
			targetProxy = 423F1E9822D0992F00673D75 /* PBXContainerItemProxy */;
		};
/* End PBXTargetDependency section */

/* Begin PBXVariantGroup section */
		423F1E7F22D0992D00673D75 /* Main.storyboard */ = {
			isa = PBXVariantGroup;
			children = (
				423F1E8022D0992D00673D75 /* Base */,
			);
			name = Main.storyboard;
			sourceTree = "<group>";
		};
		423F1E8422D0992F00673D75 /* LaunchScreen.storyboard */ = {
			isa = PBXVariantGroup;
			children = (
				423F1E8522D0992F00673D75 /* Base */,
			);
			name = LaunchScreen.storyboard;
			sourceTree = "<group>";
		};
/* End PBXVariantGroup section */

/* Begin XCBuildConfiguration section */
		423F1E9E22D0992F00673D75 /* Debug */ = {
			isa = XCBuildConfiguration;
			buildSettings = {
				ALWAYS_SEARCH_USER_PATHS = NO;
				CLANG_ANALYZER_NONNULL = YES;
				CLANG_ANALYZER_NUMBER_OBJECT_CONVERSION = YES_AGGRESSIVE;
				CLANG_CXX_LANGUAGE_STANDARD = "gnu++14";
				CLANG_CXX_LIBRARY = "libc++";
				CLANG_ENABLE_MODULES = YES;
				CLANG_ENABLE_OBJC_ARC = YES;
				CLANG_ENABLE_OBJC_WEAK = YES;
				CLANG_WARN_BLOCK_CAPTURE_AUTORELEASING = YES;
				CLANG_WARN_BOOL_CONVERSION = YES;
				CLANG_WARN_COMMA = YES;
				CLANG_WARN_CONSTANT_CONVERSION = YES;
				CLANG_WARN_DEPRECATED_OBJC_IMPLEMENTATIONS = YES;
				CLANG_WARN_DIRECT_OBJC_ISA_USAGE = YES_ERROR;
				CLANG_WARN_DOCUMENTATION_COMMENTS = YES;
				CLANG_WARN_EMPTY_BODY = YES;
				CLANG_WARN_ENUM_CONVERSION = YES;
				CLANG_WARN_INFINITE_RECURSION = YES;
				CLANG_WARN_INT_CONVERSION = YES;
				CLANG_WARN_NON_LITERAL_NULL_CONVERSION = YES;
				CLANG_WARN_OBJC_IMPLICIT_RETAIN_SELF = YES;
				CLANG_WARN_OBJC_LITERAL_CONVERSION = YES;
				CLANG_WARN_OBJC_ROOT_CLASS = YES_ERROR;
				CLANG_WARN_RANGE_LOOP_ANALYSIS = YES;
				CLANG_WARN_STRICT_PROTOTYPES = YES;
				CLANG_WARN_SUSPICIOUS_MOVE = YES;
				CLANG_WARN_UNGUARDED_AVAILABILITY = YES_AGGRESSIVE;
				CLANG_WARN_UNREACHABLE_CODE = YES;
				CLANG_WARN__DUPLICATE_METHOD_MATCH = YES;
				CODE_SIGN_IDENTITY = "iPhone Developer";
				COPY_PHASE_STRIP = NO;
				DEBUG_INFORMATION_FORMAT = dwarf;
				ENABLE_STRICT_OBJC_MSGSEND = YES;
				ENABLE_TESTABILITY = YES;
				GCC_C_LANGUAGE_STANDARD = gnu11;
				GCC_DYNAMIC_NO_PIC = NO;
				GCC_NO_COMMON_BLOCKS = YES;
				GCC_OPTIMIZATION_LEVEL = 0;
				GCC_PREPROCESSOR_DEFINITIONS = (
					"DEBUG=1",
					"$(inherited)",
				);
				GCC_WARN_64_TO_32_BIT_CONVERSION = YES;
				GCC_WARN_ABOUT_RETURN_TYPE = YES_ERROR;
				GCC_WARN_UNDECLARED_SELECTOR = YES;
				GCC_WARN_UNINITIALIZED_AUTOS = YES_AGGRESSIVE;
				GCC_WARN_UNUSED_FUNCTION = YES;
				GCC_WARN_UNUSED_VARIABLE = YES;
				IPHONEOS_DEPLOYMENT_TARGET = 12.2;
				MTL_ENABLE_DEBUG_INFO = INCLUDE_SOURCE;
				MTL_FAST_MATH = YES;
				ONLY_ACTIVE_ARCH = YES;
				SDKROOT = iphoneos;
				SWIFT_ACTIVE_COMPILATION_CONDITIONS = DEBUG;
				SWIFT_OPTIMIZATION_LEVEL = "-Onone";
			};
			name = Debug;
		};
		423F1E9F22D0992F00673D75 /* Release */ = {
			isa = XCBuildConfiguration;
			buildSettings = {
				ALWAYS_SEARCH_USER_PATHS = NO;
				CLANG_ANALYZER_NONNULL = YES;
				CLANG_ANALYZER_NUMBER_OBJECT_CONVERSION = YES_AGGRESSIVE;
				CLANG_CXX_LANGUAGE_STANDARD = "gnu++14";
				CLANG_CXX_LIBRARY = "libc++";
				CLANG_ENABLE_MODULES = YES;
				CLANG_ENABLE_OBJC_ARC = YES;
				CLANG_ENABLE_OBJC_WEAK = YES;
				CLANG_WARN_BLOCK_CAPTURE_AUTORELEASING = YES;
				CLANG_WARN_BOOL_CONVERSION = YES;
				CLANG_WARN_COMMA = YES;
				CLANG_WARN_CONSTANT_CONVERSION = YES;
				CLANG_WARN_DEPRECATED_OBJC_IMPLEMENTATIONS = YES;
				CLANG_WARN_DIRECT_OBJC_ISA_USAGE = YES_ERROR;
				CLANG_WARN_DOCUMENTATION_COMMENTS = YES;
				CLANG_WARN_EMPTY_BODY = YES;
				CLANG_WARN_ENUM_CONVERSION = YES;
				CLANG_WARN_INFINITE_RECURSION = YES;
				CLANG_WARN_INT_CONVERSION = YES;
				CLANG_WARN_NON_LITERAL_NULL_CONVERSION = YES;
				CLANG_WARN_OBJC_IMPLICIT_RETAIN_SELF = YES;
				CLANG_WARN_OBJC_LITERAL_CONVERSION = YES;
				CLANG_WARN_OBJC_ROOT_CLASS = YES_ERROR;
				CLANG_WARN_RANGE_LOOP_ANALYSIS = YES;
				CLANG_WARN_STRICT_PROTOTYPES = YES;
				CLANG_WARN_SUSPICIOUS_MOVE = YES;
				CLANG_WARN_UNGUARDED_AVAILABILITY = YES_AGGRESSIVE;
				CLANG_WARN_UNREACHABLE_CODE = YES;
				CLANG_WARN__DUPLICATE_METHOD_MATCH = YES;
				CODE_SIGN_IDENTITY = "iPhone Developer";
				COPY_PHASE_STRIP = NO;
				DEBUG_INFORMATION_FORMAT = "dwarf-with-dsym";
				ENABLE_NS_ASSERTIONS = NO;
				ENABLE_STRICT_OBJC_MSGSEND = YES;
				GCC_C_LANGUAGE_STANDARD = gnu11;
				GCC_NO_COMMON_BLOCKS = YES;
				GCC_WARN_64_TO_32_BIT_CONVERSION = YES;
				GCC_WARN_ABOUT_RETURN_TYPE = YES_ERROR;
				GCC_WARN_UNDECLARED_SELECTOR = YES;
				GCC_WARN_UNINITIALIZED_AUTOS = YES_AGGRESSIVE;
				GCC_WARN_UNUSED_FUNCTION = YES;
				GCC_WARN_UNUSED_VARIABLE = YES;
				IPHONEOS_DEPLOYMENT_TARGET = 12.2;
				MTL_ENABLE_DEBUG_INFO = NO;
				MTL_FAST_MATH = YES;
				SDKROOT = iphoneos;
				SWIFT_COMPILATION_MODE = wholemodule;
				SWIFT_OPTIMIZATION_LEVEL = "-O";
				VALIDATE_PRODUCT = YES;
			};
			name = Release;
		};
		423F1EA122D0992F00673D75 /* Debug */ = {
			isa = XCBuildConfiguration;
			buildSettings = {
				ASSETCATALOG_COMPILER_APPICON_NAME = AppIcon;
				CODE_SIGN_STYLE = Automatic;
				INFOPLIST_FILE = class02/Info.plist;
				LD_RUNPATH_SEARCH_PATHS = (
					"$(inherited)",
					"@executable_path/Frameworks",
				);
				PRODUCT_BUNDLE_IDENTIFIER = edu.nicit.class02;
				PRODUCT_NAME = "$(TARGET_NAME)";
				SWIFT_VERSION = 5.0;
				TARGETED_DEVICE_FAMILY = "1,2";
			};
			name = Debug;
		};
		423F1EA222D0992F00673D75 /* Release */ = {
			isa = XCBuildConfiguration;
			buildSettings = {
				ASSETCATALOG_COMPILER_APPICON_NAME = AppIcon;
				CODE_SIGN_STYLE = Automatic;
				INFOPLIST_FILE = class02/Info.plist;
				LD_RUNPATH_SEARCH_PATHS = (
					"$(inherited)",
					"@executable_path/Frameworks",
				);
				PRODUCT_BUNDLE_IDENTIFIER = edu.nicit.class02;
				PRODUCT_NAME = "$(TARGET_NAME)";
				SWIFT_VERSION = 5.0;
				TARGETED_DEVICE_FAMILY = "1,2";
			};
			name = Release;
		};
		423F1EA422D0992F00673D75 /* Debug */ = {
			isa = XCBuildConfiguration;
			buildSettings = {
				ALWAYS_EMBED_SWIFT_STANDARD_LIBRARIES = YES;
				BUNDLE_LOADER = "$(TEST_HOST)";
				CODE_SIGN_STYLE = Automatic;
				INFOPLIST_FILE = class02Tests/Info.plist;
				LD_RUNPATH_SEARCH_PATHS = (
					"$(inherited)",
					"@executable_path/Frameworks",
					"@loader_path/Frameworks",
				);
				PRODUCT_BUNDLE_IDENTIFIER = edu.nicit.class02Tests;
				PRODUCT_NAME = "$(TARGET_NAME)";
				SWIFT_VERSION = 5.0;
				TARGETED_DEVICE_FAMILY = "1,2";
				TEST_HOST = "$(BUILT_PRODUCTS_DIR)/class02.app/class02";
			};
			name = Debug;
		};
		423F1EA522D0992F00673D75 /* Release */ = {
			isa = XCBuildConfiguration;
			buildSettings = {
				ALWAYS_EMBED_SWIFT_STANDARD_LIBRARIES = YES;
				BUNDLE_LOADER = "$(TEST_HOST)";
				CODE_SIGN_STYLE = Automatic;
				INFOPLIST_FILE = class02Tests/Info.plist;
				LD_RUNPATH_SEARCH_PATHS = (
					"$(inherited)",
					"@executable_path/Frameworks",
					"@loader_path/Frameworks",
				);
				PRODUCT_BUNDLE_IDENTIFIER = edu.nicit.class02Tests;
				PRODUCT_NAME = "$(TARGET_NAME)";
				SWIFT_VERSION = 5.0;
				TARGETED_DEVICE_FAMILY = "1,2";
				TEST_HOST = "$(BUILT_PRODUCTS_DIR)/class02.app/class02";
			};
			name = Release;
		};
		423F1EA722D0992F00673D75 /* Debug */ = {
			isa = XCBuildConfiguration;
			buildSettings = {
				ALWAYS_EMBED_SWIFT_STANDARD_LIBRARIES = YES;
				CODE_SIGN_STYLE = Automatic;
				INFOPLIST_FILE = class02UITests/Info.plist;
				LD_RUNPATH_SEARCH_PATHS = (
					"$(inherited)",
					"@executable_path/Frameworks",
					"@loader_path/Frameworks",
				);
				PRODUCT_BUNDLE_IDENTIFIER = edu.nicit.class02UITests;
				PRODUCT_NAME = "$(TARGET_NAME)";
				SWIFT_VERSION = 5.0;
				TARGETED_DEVICE_FAMILY = "1,2";
				TEST_TARGET_NAME = class02;
			};
			name = Debug;
		};
		423F1EA822D0992F00673D75 /* Release */ = {
			isa = XCBuildConfiguration;
			buildSettings = {
				ALWAYS_EMBED_SWIFT_STANDARD_LIBRARIES = YES;
				CODE_SIGN_STYLE = Automatic;
				INFOPLIST_FILE = class02UITests/Info.plist;
				LD_RUNPATH_SEARCH_PATHS = (
					"$(inherited)",
					"@executable_path/Frameworks",
					"@loader_path/Frameworks",
				);
				PRODUCT_BUNDLE_IDENTIFIER = edu.nicit.class02UITests;
				PRODUCT_NAME = "$(TARGET_NAME)";
				SWIFT_VERSION = 5.0;
				TARGETED_DEVICE_FAMILY = "1,2";
				TEST_TARGET_NAME = class02;
			};
			name = Release;
		};
/* End XCBuildConfiguration section */

/* Begin XCConfigurationList section */
		423F1E7322D0992C00673D75 /* Build configuration list for PBXProject "class02" */ = {
			isa = XCConfigurationList;
			buildConfigurations = (
				423F1E9E22D0992F00673D75 /* Debug */,
				423F1E9F22D0992F00673D75 /* Release */,
			);
			defaultConfigurationIsVisible = 0;
			defaultConfigurationName = Release;
		};
		423F1EA022D0992F00673D75 /* Build configuration list for PBXNativeTarget "class02" */ = {
			isa = XCConfigurationList;
			buildConfigurations = (
				423F1EA122D0992F00673D75 /* Debug */,
				423F1EA222D0992F00673D75 /* Release */,
			);
			defaultConfigurationIsVisible = 0;
			defaultConfigurationName = Release;
		};
		423F1EA322D0992F00673D75 /* Build configuration list for PBXNativeTarget "class02Tests" */ = {
			isa = XCConfigurationList;
			buildConfigurations = (
				423F1EA422D0992F00673D75 /* Debug */,
				423F1EA522D0992F00673D75 /* Release */,
			);
			defaultConfigurationIsVisible = 0;
			defaultConfigurationName = Release;
		};
		423F1EA622D0992F00673D75 /* Build configuration list for PBXNativeTarget "class02UITests" */ = {
			isa = XCConfigurationList;
			buildConfigurations = (
				423F1EA722D0992F00673D75 /* Debug */,
				423F1EA822D0992F00673D75 /* Release */,
			);
			defaultConfigurationIsVisible = 0;
			defaultConfigurationName = Release;
		};
/* End XCConfigurationList section */
	};
	rootObject = 423F1E7022D0992C00673D75 /* Project object */;
}
